// !$*UTF8*$!
{
	archiveVersion = 1;
	classes = {
	};
	objectVersion = 46;
	objects = {

/* Begin PBXBuildFile section */
		F65E1D861CF72160008E8E00 /* AppDelegate.swift in Sources */ = {isa = PBXBuildFile; fileRef = F65E1D851CF72160008E8E00 /* AppDelegate.swift */; };
		F65E1D881CF72160008E8E00 /* ViewController.swift in Sources */ = {isa = PBXBuildFile; fileRef = F65E1D871CF72160008E8E00 /* ViewController.swift */; };
		F65E1D8B1CF72160008E8E00 /* Main.storyboard in Resources */ = {isa = PBXBuildFile; fileRef = F65E1D891CF72160008E8E00 /* Main.storyboard */; };
		F65E1D8D1CF72160008E8E00 /* Assets.xcassets in Resources */ = {isa = PBXBuildFile; fileRef = F65E1D8C1CF72160008E8E00 /* Assets.xcassets */; };
		F65E1D901CF72160008E8E00 /* LaunchScreen.storyboard in Resources */ = {isa = PBXBuildFile; fileRef = F65E1D8E1CF72160008E8E00 /* LaunchScreen.storyboard */; };
		F65E1D9B1CF72160008E8E00 /* Dragging_ImageTests.swift in Sources */ = {isa = PBXBuildFile; fileRef = F65E1D9A1CF72160008E8E00 /* Dragging_ImageTests.swift */; };
		F65E1DA61CF72160008E8E00 /* Dragging_ImageUITests.swift in Sources */ = {isa = PBXBuildFile; fileRef = F65E1DA51CF72160008E8E00 /* Dragging_ImageUITests.swift */; };
		F65E1DB41CF7217B008E8E00 /* DraggedImageView.swift in Sources */ = {isa = PBXBuildFile; fileRef = F65E1DB31CF7217B008E8E00 /* DraggedImageView.swift */; };
		F65E1DB61CF72222008E8E00 /* flower.png in Resources */ = {isa = PBXBuildFile; fileRef = F65E1DB51CF72222008E8E00 /* flower.png */; };
/* End PBXBuildFile section */

/* Begin PBXContainerItemProxy section */
		F65E1D971CF72160008E8E00 /* PBXContainerItemProxy */ = {
			isa = PBXContainerItemProxy;
			containerPortal = F65E1D7A1CF72160008E8E00 /* Project object */;
			proxyType = 1;
			remoteGlobalIDString = F65E1D811CF72160008E8E00;
			remoteInfo = Dragging_Image;
		};
		F65E1DA21CF72160008E8E00 /* PBXContainerItemProxy */ = {
			isa = PBXContainerItemProxy;
			containerPortal = F65E1D7A1CF72160008E8E00 /* Project object */;
			proxyType = 1;
			remoteGlobalIDString = F65E1D811CF72160008E8E00;
			remoteInfo = Dragging_Image;
		};
/* End PBXContainerItemProxy section */

/* Begin PBXFileReference section */
		F65E1D821CF72160008E8E00 /* Dragging_Image.app */ = {isa = PBXFileReference; explicitFileType = wrapper.application; includeInIndex = 0; path = Dragging_Image.app; sourceTree = BUILT_PRODUCTS_DIR; };
		F65E1D851CF72160008E8E00 /* AppDelegate.swift */ = {isa = PBXFileReference; lastKnownFileType = sourcecode.swift; path = AppDelegate.swift; sourceTree = "<group>"; };
		F65E1D871CF72160008E8E00 /* ViewController.swift */ = {isa = PBXFileReference; lastKnownFileType = sourcecode.swift; path = ViewController.swift; sourceTree = "<group>"; };
		F65E1D8A1CF72160008E8E00 /* Base */ = {isa = PBXFileReference; lastKnownFileType = file.storyboard; name = Base; path = Base.lproj/Main.storyboard; sourceTree = "<group>"; };
		F65E1D8C1CF72160008E8E00 /* Assets.xcassets */ = {isa = PBXFileReference; lastKnownFileType = folder.assetcatalog; path = Assets.xcassets; sourceTree = "<group>"; };
		F65E1D8F1CF72160008E8E00 /* Base */ = {isa = PBXFileReference; lastKnownFileType = file.storyboard; name = Base; path = Base.lproj/LaunchScreen.storyboard; sourceTree = "<group>"; };
		F65E1D911CF72160008E8E00 /* Info.plist */ = {isa = PBXFileReference; lastKnownFileType = text.plist.xml; path = Info.plist; sourceTree = "<group>"; };
		F65E1D961CF72160008E8E00 /* Dragging_ImageTests.xctest */ = {isa = PBXFileReference; explicitFileType = wrapper.cfbundle; includeInIndex = 0; path = Dragging_ImageTests.xctest; sourceTree = BUILT_PRODUCTS_DIR; };
		F65E1D9A1CF72160008E8E00 /* Dragging_ImageTests.swift */ = {isa = PBXFileReference; lastKnownFileType = sourcecode.swift; path = Dragging_ImageTests.swift; sourceTree = "<group>"; };
		F65E1D9C1CF72160008E8E00 /* Info.plist */ = {isa = PBXFileReference; lastKnownFileType = text.plist.xml; path = Info.plist; sourceTree = "<group>"; };
		F65E1DA11CF72160008E8E00 /* Dragging_ImageUITests.xctest */ = {isa = PBXFileReference; explicitFileType = wrapper.cfbundle; includeInIndex = 0; path = Dragging_ImageUITests.xctest; sourceTree = BUILT_PRODUCTS_DIR; };
		F65E1DA51CF72160008E8E00 /* Dragging_ImageUITests.swift */ = {isa = PBXFileReference; lastKnownFileType = sourcecode.swift; path = Dragging_ImageUITests.swift; sourceTree = "<group>"; };
		F65E1DA71CF72160008E8E00 /* Info.plist */ = {isa = PBXFileReference; lastKnownFileType = text.plist.xml; path = Info.plist; sourceTree = "<group>"; };
		F65E1DB31CF7217B008E8E00 /* DraggedImageView.swift */ = {isa = PBXFileReference; fileEncoding = 4; lastKnownFileType = sourcecode.swift; path = DraggedImageView.swift; sourceTree = "<group>"; };
		F65E1DB51CF72222008E8E00 /* flower.png */ = {isa = PBXFileReference; lastKnownFileType = image.png; path = flower.png; sourceTree = "<group>"; };
/* End PBXFileReference section */

/* Begin PBXFrameworksBuildPhase section */
		F65E1D7F1CF72160008E8E00 /* Frameworks */ = {
			isa = PBXFrameworksBuildPhase;
			buildActionMask = 2147483647;
			files = (
			);
			runOnlyForDeploymentPostprocessing = 0;
		};
		F65E1D931CF72160008E8E00 /* Frameworks */ = {
			isa = PBXFrameworksBuildPhase;
			buildActionMask = 2147483647;
			files = (
			);
			runOnlyForDeploymentPostprocessing = 0;
		};
		F65E1D9E1CF72160008E8E00 /* Frameworks */ = {
			isa = PBXFrameworksBuildPhase;
			buildActionMask = 2147483647;
			files = (
			);
			runOnlyForDeploymentPostprocessing = 0;
		};
/* End PBXFrameworksBuildPhase section */

/* Begin PBXGroup section */
		F65E1D791CF72160008E8E00 = {
			isa = PBXGroup;
			children = (
				F65E1D841CF72160008E8E00 /* Dragging_Image */,
				F65E1D991CF72160008E8E00 /* Dragging_ImageTests */,
				F65E1DA41CF72160008E8E00 /* Dragging_ImageUITests */,
				F65E1D831CF72160008E8E00 /* Products */,
			);
			sourceTree = "<group>";
		};
		F65E1D831CF72160008E8E00 /* Products */ = {
			isa = PBXGroup;
			children = (
				F65E1D821CF72160008E8E00 /* Dragging_Image.app */,
				F65E1D961CF72160008E8E00 /* Dragging_ImageTests.xctest */,
				F65E1DA11CF72160008E8E00 /* Dragging_ImageUITests.xctest */,
			);
			name = Products;
			sourceTree = "<group>";
		};
		F65E1D841CF72160008E8E00 /* Dragging_Image */ = {
			isa = PBXGroup;
			children = (
				F65E1D851CF72160008E8E00 /* AppDelegate.swift */,
				F65E1D871CF72160008E8E00 /* ViewController.swift */,
				F65E1DB31CF7217B008E8E00 /* DraggedImageView.swift */,
				F65E1D891CF72160008E8E00 /* Main.storyboard */,
				F65E1DB51CF72222008E8E00 /* flower.png */,
				F65E1D8C1CF72160008E8E00 /* Assets.xcassets */,
				F65E1D8E1CF72160008E8E00 /* LaunchScreen.storyboard */,
				F65E1D911CF72160008E8E00 /* Info.plist */,
			);
			path = Dragging_Image;
			sourceTree = "<group>";
		};
		F65E1D991CF72160008E8E00 /* Dragging_ImageTests */ = {
			isa = PBXGroup;
			children = (
				F65E1D9A1CF72160008E8E00 /* Dragging_ImageTests.swift */,
				F65E1D9C1CF72160008E8E00 /* Info.plist */,
			);
			path = Dragging_ImageTests;
			sourceTree = "<group>";
		};
		F65E1DA41CF72160008E8E00 /* Dragging_ImageUITests */ = {
			isa = PBXGroup;
			children = (
				F65E1DA51CF72160008E8E00 /* Dragging_ImageUITests.swift */,
				F65E1DA71CF72160008E8E00 /* Info.plist */,
			);
			path = Dragging_ImageUITests;
			sourceTree = "<group>";
		};
/* End PBXGroup section */

/* Begin PBXNativeTarget section */
		F65E1D811CF72160008E8E00 /* Dragging_Image */ = {
			isa = PBXNativeTarget;
			buildConfigurationList = F65E1DAA1CF72160008E8E00 /* Build configuration list for PBXNativeTarget "Dragging_Image" */;
			buildPhases = (
				F65E1D7E1CF72160008E8E00 /* Sources */,
				F65E1D7F1CF72160008E8E00 /* Frameworks */,
				F65E1D801CF72160008E8E00 /* Resources */,
			);
			buildRules = (
			);
			dependencies = (
			);
			name = Dragging_Image;
			productName = Dragging_Image;
			productReference = F65E1D821CF72160008E8E00 /* Dragging_Image.app */;
			productType = "com.apple.product-type.application";
		};
		F65E1D951CF72160008E8E00 /* Dragging_ImageTests */ = {
			isa = PBXNativeTarget;
			buildConfigurationList = F65E1DAD1CF72160008E8E00 /* Build configuration list for PBXNativeTarget "Dragging_ImageTests" */;
			buildPhases = (
				F65E1D921CF72160008E8E00 /* Sources */,
				F65E1D931CF72160008E8E00 /* Frameworks */,
				F65E1D941CF72160008E8E00 /* Resources */,
			);
			buildRules = (
			);
			dependencies = (
				F65E1D981CF72160008E8E00 /* PBXTargetDependency */,
			);
			name = Dragging_ImageTests;
			productName = Dragging_ImageTests;
			productReference = F65E1D961CF72160008E8E00 /* Dragging_ImageTests.xctest */;
			productType = "com.apple.product-type.bundle.unit-test";
		};
		F65E1DA01CF72160008E8E00 /* Dragging_ImageUITests */ = {
			isa = PBXNativeTarget;
			buildConfigurationList = F65E1DB01CF72160008E8E00 /* Build configuration list for PBXNativeTarget "Dragging_ImageUITests" */;
			buildPhases = (
				F65E1D9D1CF72160008E8E00 /* Sources */,
				F65E1D9E1CF72160008E8E00 /* Frameworks */,
				F65E1D9F1CF72160008E8E00 /* Resources */,
			);
			buildRules = (
			);
			dependencies = (
				F65E1DA31CF72160008E8E00 /* PBXTargetDependency */,
			);
			name = Dragging_ImageUITests;
			productName = Dragging_ImageUITests;
			productReference = F65E1DA11CF72160008E8E00 /* Dragging_ImageUITests.xctest */;
			productType = "com.apple.product-type.bundle.ui-testing";
		};
/* End PBXNativeTarget section */

/* Begin PBXProject section */
		F65E1D7A1CF72160008E8E00 /* Project object */ = {
			isa = PBXProject;
			attributes = {
				LastSwiftUpdateCheck = 0730;
				LastUpgradeCheck = 1020;
				ORGANIZATIONNAME = "Xianhui Che";
				TargetAttributes = {
					F65E1D811CF72160008E8E00 = {
						CreatedOnToolsVersion = 7.3;
						LastSwiftMigration = 0820;
					};
					F65E1D951CF72160008E8E00 = {
						CreatedOnToolsVersion = 7.3;
						LastSwiftMigration = 0820;
						TestTargetID = F65E1D811CF72160008E8E00;
					};
					F65E1DA01CF72160008E8E00 = {
						CreatedOnToolsVersion = 7.3;
						LastSwiftMigration = 0820;
						TestTargetID = F65E1D811CF72160008E8E00;
					};
				};
			};
			buildConfigurationList = F65E1D7D1CF72160008E8E00 /* Build configuration list for PBXProject "Dragging_Image" */;
			compatibilityVersion = "Xcode 3.2";
			developmentRegion = en;
			hasScannedForEncodings = 0;
			knownRegions = (
				en,
				Base,
			);
			mainGroup = F65E1D791CF72160008E8E00;
			productRefGroup = F65E1D831CF72160008E8E00 /* Products */;
			projectDirPath = "";
			projectRoot = "";
			targets = (
				F65E1D811CF72160008E8E00 /* Dragging_Image */,
				F65E1D951CF72160008E8E00 /* Dragging_ImageTests */,
				F65E1DA01CF72160008E8E00 /* Dragging_ImageUITests */,
			);
		};
/* End PBXProject section */

/* Begin PBXResourcesBuildPhase section */
		F65E1D801CF72160008E8E00 /* Resources */ = {
			isa = PBXResourcesBuildPhase;
			buildActionMask = 2147483647;
			files = (
				F65E1DB61CF72222008E8E00 /* flower.png in Resources */,
				F65E1D901CF72160008E8E00 /* LaunchScreen.storyboard in Resources */,
				F65E1D8D1CF72160008E8E00 /* Assets.xcassets in Resources */,
				F65E1D8B1CF72160008E8E00 /* Main.storyboard in Resources */,
			);
			runOnlyForDeploymentPostprocessing = 0;
		};
		F65E1D941CF72160008E8E00 /* Resources */ = {
			isa = PBXResourcesBuildPhase;
			buildActionMask = 2147483647;
			files = (
			);
			runOnlyForDeploymentPostprocessing = 0;
		};
		F65E1D9F1CF72160008E8E00 /* Resources */ = {
			isa = PBXResourcesBuildPhase;
			buildActionMask = 2147483647;
			files = (
			);
			runOnlyForDeploymentPostprocessing = 0;
		};
/* End PBXResourcesBuildPhase section */

/* Begin PBXSourcesBuildPhase section */
		F65E1D7E1CF72160008E8E00 /* Sources */ = {
			isa = PBXSourcesBuildPhase;
			buildActionMask = 2147483647;
			files = (
				F65E1D881CF72160008E8E00 /* ViewController.swift in Sources */,
				F65E1DB41CF7217B008E8E00 /* DraggedImageView.swift in Sources */,
				F65E1D861CF72160008E8E00 /* AppDelegate.swift in Sources */,
			);
			runOnlyForDeploymentPostprocessing = 0;
		};
		F65E1D921CF72160008E8E00 /* Sources */ = {
			isa = PBXSourcesBuildPhase;
			buildActionMask = 2147483647;
			files = (
				F65E1D9B1CF72160008E8E00 /* Dragging_ImageTests.swift in Sources */,
			);
			runOnlyForDeploymentPostprocessing = 0;
		};
		F65E1D9D1CF72160008E8E00 /* Sources */ = {
			isa = PBXSourcesBuildPhase;
			buildActionMask = 2147483647;
			files = (
				F65E1DA61CF72160008E8E00 /* Dragging_ImageUITests.swift in Sources */,
			);
			runOnlyForDeploymentPostprocessing = 0;
		};
/* End PBXSourcesBuildPhase section */

/* Begin PBXTargetDependency section */
		F65E1D981CF72160008E8E00 /* PBXTargetDependency */ = {
			isa = PBXTargetDependency;
			target = F65E1D811CF72160008E8E00 /* Dragging_Image */;
			targetProxy = F65E1D971CF72160008E8E00 /* PBXContainerItemProxy */;
		};
		F65E1DA31CF72160008E8E00 /* PBXTargetDependency */ = {
			isa = PBXTargetDependency;
			target = F65E1D811CF72160008E8E00 /* Dragging_Image */;
			targetProxy = F65E1DA21CF72160008E8E00 /* PBXContainerItemProxy */;
		};
/* End PBXTargetDependency section */

/* Begin PBXVariantGroup section */
		F65E1D891CF72160008E8E00 /* Main.storyboard */ = {
			isa = PBXVariantGroup;
			children = (
				F65E1D8A1CF72160008E8E00 /* Base */,
			);
			name = Main.storyboard;
			sourceTree = "<group>";
		};
		F65E1D8E1CF72160008E8E00 /* LaunchScreen.storyboard */ = {
			isa = PBXVariantGroup;
			children = (
				F65E1D8F1CF72160008E8E00 /* Base */,
			);
			name = LaunchScreen.storyboard;
			sourceTree = "<group>";
		};
/* End PBXVariantGroup section */

/* Begin XCBuildConfiguration section */
		F65E1DA81CF72160008E8E00 /* Debug */ = {
			isa = XCBuildConfiguration;
			buildSettings = {
				ALWAYS_SEARCH_USER_PATHS = NO;
				CLANG_ANALYZER_LOCALIZABILITY_NONLOCALIZED = YES;
				CLANG_ANALYZER_NONNULL = YES;
				CLANG_CXX_LANGUAGE_STANDARD = "gnu++0x";
				CLANG_CXX_LIBRARY = "libc++";
				CLANG_ENABLE_MODULES = YES;
				CLANG_ENABLE_OBJC_ARC = YES;
				CLANG_WARN_BLOCK_CAPTURE_AUTORELEASING = YES;
				CLANG_WARN_BOOL_CONVERSION = YES;
				CLANG_WARN_COMMA = YES;
				CLANG_WARN_CONSTANT_CONVERSION = YES;
				CLANG_WARN_DEPRECATED_OBJC_IMPLEMENTATIONS = YES;
				CLANG_WARN_DIRECT_OBJC_ISA_USAGE = YES_ERROR;
				CLANG_WARN_EMPTY_BODY = YES;
				CLANG_WARN_ENUM_CONVERSION = YES;
				CLANG_WARN_INFINITE_RECURSION = YES;
				CLANG_WARN_INT_CONVERSION = YES;
				CLANG_WARN_NON_LITERAL_NULL_CONVERSION = YES;
				CLANG_WARN_OBJC_IMPLICIT_RETAIN_SELF = YES;
				CLANG_WARN_OBJC_LITERAL_CONVERSION = YES;
				CLANG_WARN_OBJC_ROOT_CLASS = YES_ERROR;
				CLANG_WARN_RANGE_LOOP_ANALYSIS = YES;
				CLANG_WARN_STRICT_PROTOTYPES = YES;
				CLANG_WARN_SUSPICIOUS_MOVE = YES;
				CLANG_WARN_UNREACHABLE_CODE = YES;
				CLANG_WARN__DUPLICATE_METHOD_MATCH = YES;
				"CODE_SIGN_IDENTITY[sdk=iphoneos*]" = "iPhone Developer";
				COPY_PHASE_STRIP = NO;
				DEBUG_INFORMATION_FORMAT = dwarf;
				ENABLE_STRICT_OBJC_MSGSEND = YES;
				ENABLE_TESTABILITY = YES;
				GCC_C_LANGUAGE_STANDARD = gnu99;
				GCC_DYNAMIC_NO_PIC = NO;
				GCC_NO_COMMON_BLOCKS = YES;
				GCC_OPTIMIZATION_LEVEL = 0;
				GCC_PREPROCESSOR_DEFINITIONS = (
					"DEBUG=1",
					"$(inherited)",
				);
				GCC_WARN_64_TO_32_BIT_CONVERSION = YES;
				GCC_WARN_ABOUT_RETURN_TYPE = YES_ERROR;
				GCC_WARN_UNDECLARED_SELECTOR = YES;
				GCC_WARN_UNINITIALIZED_AUTOS = YES_AGGRESSIVE;
				GCC_WARN_UNUSED_FUNCTION = YES;
				GCC_WARN_UNUSED_VARIABLE = YES;
				IPHONEOS_DEPLOYMENT_TARGET = 9.3;
				MTL_ENABLE_DEBUG_INFO = YES;
				ONLY_ACTIVE_ARCH = YES;
				SDKROOT = iphoneos;
				SWIFT_OPTIMIZATION_LEVEL = "-Onone";
				SWIFT_VERSION = 5.0;
			};
			name = Debug;
		};
		F65E1DA91CF72160008E8E00 /* Release */ = {
			isa = XCBuildConfiguration;
			buildSettings = {
				ALWAYS_SEARCH_USER_PATHS = NO;
				CLANG_ANALYZER_LOCALIZABILITY_NONLOCALIZED = YES;
				CLANG_ANALYZER_NONNULL = YES;
				CLANG_CXX_LANGUAGE_STANDARD = "gnu++0x";
				CLANG_CXX_LIBRARY = "libc++";
				CLANG_ENABLE_MODULES = YES;
				CLANG_ENABLE_OBJC_ARC = YES;
				CLANG_WARN_BLOCK_CAPTURE_AUTORELEASING = YES;
				CLANG_WARN_BOOL_CONVERSION = YES;
				CLANG_WARN_COMMA = YES;
				CLANG_WARN_CONSTANT_CONVERSION = YES;
				CLANG_WARN_DEPRECATED_OBJC_IMPLEMENTATIONS = YES;
				CLANG_WARN_DIRECT_OBJC_ISA_USAGE = YES_ERROR;
				CLANG_WARN_EMPTY_BODY = YES;
				CLANG_WARN_ENUM_CONVERSION = YES;
				CLANG_WARN_INFINITE_RECURSION = YES;
				CLANG_WARN_INT_CONVERSION = YES;
				CLANG_WARN_NON_LITERAL_NULL_CONVERSION = YES;
				CLANG_WARN_OBJC_IMPLICIT_RETAIN_SELF = YES;
				CLANG_WARN_OBJC_LITERAL_CONVERSION = YES;
				CLANG_WARN_OBJC_ROOT_CLASS = YES_ERROR;
				CLANG_WARN_RANGE_LOOP_ANALYSIS = YES;
				CLANG_WARN_STRICT_PROTOTYPES = YES;
				CLANG_WARN_SUSPICIOUS_MOVE = YES;
				CLANG_WARN_UNREACHABLE_CODE = YES;
				CLANG_WARN__DUPLICATE_METHOD_MATCH = YES;
				"CODE_SIGN_IDENTITY[sdk=iphoneos*]" = "iPhone Developer";
				COPY_PHASE_STRIP = NO;
				DEBUG_INFORMATION_FORMAT = "dwarf-with-dsym";
				ENABLE_NS_ASSERTIONS = NO;
				ENABLE_STRICT_OBJC_MSGSEND = YES;
				GCC_C_LANGUAGE_STANDARD = gnu99;
				GCC_NO_COMMON_BLOCKS = YES;
				GCC_WARN_64_TO_32_BIT_CONVERSION = YES;
				GCC_WARN_ABOUT_RETURN_TYPE = YES_ERROR;
				GCC_WARN_UNDECLARED_SELECTOR = YES;
				GCC_WARN_UNINITIALIZED_AUTOS = YES_AGGRESSIVE;
				GCC_WARN_UNUSED_FUNCTION = YES;
				GCC_WARN_UNUSED_VARIABLE = YES;
				IPHONEOS_DEPLOYMENT_TARGET = 9.3;
				MTL_ENABLE_DEBUG_INFO = NO;
				SDKROOT = iphoneos;
				SWIFT_COMPILATION_MODE = wholemodule;
				SWIFT_VERSION = 5.0;
				VALIDATE_PRODUCT = YES;
			};
			name = Release;
		};
		F65E1DAB1CF72160008E8E00 /* Debug */ = {
			isa = XCBuildConfiguration;
			buildSettings = {
				ASSETCATALOG_COMPILER_APPICON_NAME = AppIcon;
				INFOPLIST_FILE = Dragging_Image/Info.plist;
				LD_RUNPATH_SEARCH_PATHS = "$(inherited) @executable_path/Frameworks";
				PRODUCT_BUNDLE_IDENTIFIER = "BarradeStudio.Dragging-Image";
				PRODUCT_NAME = "$(TARGET_NAME)";
				SWIFT_VERSION = 5.0;
			};
			name = Debug;
		};
		F65E1DAC1CF72160008E8E00 /* Release */ = {
			isa = XCBuildConfiguration;
			buildSettings = {
				ASSETCATALOG_COMPILER_APPICON_NAME = AppIcon;
				INFOPLIST_FILE = Dragging_Image/Info.plist;
				LD_RUNPATH_SEARCH_PATHS = "$(inherited) @executable_path/Frameworks";
				PRODUCT_BUNDLE_IDENTIFIER = "BarradeStudio.Dragging-Image";
				PRODUCT_NAME = "$(TARGET_NAME)";
				SWIFT_VERSION = 5.0;
			};
			name = Release;
		};
		F65E1DAE1CF72160008E8E00 /* Debug */ = {
			isa = XCBuildConfiguration;
			buildSettings = {
				BUNDLE_LOADER = "$(TEST_HOST)";
				INFOPLIST_FILE = Dragging_ImageTests/Info.plist;
				LD_RUNPATH_SEARCH_PATHS = "$(inherited) @executable_path/Frameworks @loader_path/Frameworks";
				PRODUCT_BUNDLE_IDENTIFIER = "BarradeStudio.Dragging-ImageTests";
				PRODUCT_NAME = "$(TARGET_NAME)";
				SWIFT_VERSION = 3.0;
				TEST_HOST = "$(BUILT_PRODUCTS_DIR)/Dragging_Image.app/Dragging_Image";
			};
			name = Debug;
		};
		F65E1DAF1CF72160008E8E00 /* Release */ = {
			isa = XCBuildConfiguration;
			buildSettings = {
				BUNDLE_LOADER = "$(TEST_HOST)";
				INFOPLIST_FILE = Dragging_ImageTests/Info.plist;
				LD_RUNPATH_SEARCH_PATHS = "$(inherited) @executable_path/Frameworks @loader_path/Frameworks";
				PRODUCT_BUNDLE_IDENTIFIER = "BarradeStudio.Dragging-ImageTests";
				PRODUCT_NAME = "$(TARGET_NAME)";
				SWIFT_VERSION = 3.0;
				TEST_HOST = "$(BUILT_PRODUCTS_DIR)/Dragging_Image.app/Dragging_Image";
			};
			name = Release;
		};
		F65E1DB11CF72160008E8E00 /* Debug */ = {
			isa = XCBuildConfiguration;
			buildSettings = {
				INFOPLIST_FILE = Dragging_ImageUITests/Info.plist;
				LD_RUNPATH_SEARCH_PATHS = "$(inherited) @executable_path/Frameworks @loader_path/Frameworks";
				PRODUCT_BUNDLE_IDENTIFIER = "BarradeStudio.Dragging-ImageUITests";
				PRODUCT_NAME = "$(TARGET_NAME)";
				SWIFT_VERSION = 3.0;
				TEST_TARGET_NAME = Dragging_Image;
			};
			name = Debug;
		};
		F65E1DB21CF72160008E8E00 /* Release */ = {
			isa = XCBuildConfiguration;
			buildSettings = {
				INFOPLIST_FILE = Dragging_ImageUITests/Info.plist;
				LD_RUNPATH_SEARCH_PATHS = "$(inherited) @executable_path/Frameworks @loader_path/Frameworks";
				PRODUCT_BUNDLE_IDENTIFIER = "BarradeStudio.Dragging-ImageUITests";
				PRODUCT_NAME = "$(TARGET_NAME)";
				SWIFT_VERSION = 3.0;
				TEST_TARGET_NAME = Dragging_Image;
			};
			name = Release;
		};
/* End XCBuildConfiguration section */

/* Begin XCConfigurationList section */
		F65E1D7D1CF72160008E8E00 /* Build configuration list for PBXProject "Dragging_Image" */ = {
			isa = XCConfigurationList;
			buildConfigurations = (
				F65E1DA81CF72160008E8E00 /* Debug */,
				F65E1DA91CF72160008E8E00 /* Release */,
			);
			defaultConfigurationIsVisible = 0;
			defaultConfigurationName = Release;
		};
		F65E1DAA1CF72160008E8E00 /* Build configuration list for PBXNativeTarget "Dragging_Image" */ = {
			isa = XCConfigurationList;
			buildConfigurations = (
				F65E1DAB1CF72160008E8E00 /* Debug */,
				F65E1DAC1CF72160008E8E00 /* Release */,
			);
			defaultConfigurationIsVisible = 0;
			defaultConfigurationName = Release;
		};
		F65E1DAD1CF72160008E8E00 /* Build configuration list for PBXNativeTarget "Dragging_ImageTests" */ = {
			isa = XCConfigurationList;
			buildConfigurations = (
				F65E1DAE1CF72160008E8E00 /* Debug */,
				F65E1DAF1CF72160008E8E00 /* Release */,
			);
			defaultConfigurationIsVisible = 0;
			defaultConfigurationName = Release;
		};
		F65E1DB01CF72160008E8E00 /* Build configuration list for PBXNativeTarget "Dragging_ImageUITests" */ = {
			isa = XCConfigurationList;
			buildConfigurations = (
				F65E1DB11CF72160008E8E00 /* Debug */,
				F65E1DB21CF72160008E8E00 /* Release */,
			);
			defaultConfigurationIsVisible = 0;
			defaultConfigurationName = Release;
		};
/* End XCConfigurationList section */
	};
	rootObject = F65E1D7A1CF72160008E8E00 /* Project object */;
}
